
Microsoft Visual Studio Solution File, Format Version 12.00
# Visual Studio Version 17
VisualStudioVersion = 17.5.33424.131
MinimumVisualStudioVersion = 10.0.40219.1
Project("{FAE04EC0-301F-11D3-BF4B-00C04F79EFBC}") = "NeticoProject", "NeticoProject\NeticoProject.csproj", "{FB9F6343-F8FD-4D74-91A8-BFDAD65CF361}"
EndProject
Project("{FAE04EC0-301F-11D3-BF4B-00C04F79EFBC}") = "Domain", "Domain\Domain.csproj", "{BCF7F891-F987-4582-A1A0-773BC7151585}"
EndProject
Project("{FAE04EC0-301F-11D3-BF4B-00C04F79EFBC}") = "Infrastructure", "Infrastructure\Infrastructure.csproj", "{D8FAE229-6489-44BD-9192-8041C03A3782}"
EndProject
Project("{FAE04EC0-301F-11D3-BF4B-00C04F79EFBC}") = "Repository", "Repository\Repository.csproj", "{EB9354A9-ECBE-4AF1-B5E6-1AAE1B1FF484}"
EndProject
Project("{FAE04EC0-301F-11D3-BF4B-00C04F79EFBC}") = "Service", "Service\Service.csproj", "{4C5FA562-39AA-4244-854D-0ADEF00033B3}"
EndProject
Global
	GlobalSection(SolutionConfigurationPlatforms) = preSolution
		Debug|Any CPU = Debug|Any CPU
		Release|Any CPU = Release|Any CPU
	EndGlobalSection
	GlobalSection(ProjectConfigurationPlatforms) = postSolution
		{FB9F6343-F8FD-4D74-91A8-BFDAD65CF361}.Debug|Any CPU.ActiveCfg = Debug|Any CPU
		{FB9F6343-F8FD-4D74-91A8-BFDAD65CF361}.Debug|Any CPU.Build.0 = Debug|Any CPU
		{FB9F6343-F8FD-4D74-91A8-BFDAD65CF361}.Release|Any CPU.ActiveCfg = Release|Any CPU
		{FB9F6343-F8FD-4D74-91A8-BFDAD65CF361}.Release|Any CPU.Build.0 = Release|Any CPU
		{BCF7F891-F987-4582-A1A0-773BC7151585}.Debug|Any CPU.ActiveCfg = Debug|Any CPU
		{BCF7F891-F987-4582-A1A0-773BC7151585}.Debug|Any CPU.Build.0 = Debug|Any CPU
		{BCF7F891-F987-4582-A1A0-773BC7151585}.Release|Any CPU.ActiveCfg = Release|Any CPU
		{BCF7F891-F987-4582-A1A0-773BC7151585}.Release|Any CPU.Build.0 = Release|Any CPU
		{D8FAE229-6489-44BD-9192-8041C03A3782}.Debug|Any CPU.ActiveCfg = Debug|Any CPU
		{D8FAE229-6489-44BD-9192-8041C03A3782}.Debug|Any CPU.Build.0 = Debug|Any CPU
		{D8FAE229-6489-44BD-9192-8041C03A3782}.Release|Any CPU.ActiveCfg = Release|Any CPU
		{D8FAE229-6489-44BD-9192-8041C03A3782}.Release|Any CPU.Build.0 = Release|Any CPU
		{EB9354A9-ECBE-4AF1-B5E6-1AAE1B1FF484}.Debug|Any CPU.ActiveCfg = Debug|Any CPU
		{EB9354A9-ECBE-4AF1-B5E6-1AAE1B1FF484}.Debug|Any CPU.Build.0 = Debug|Any CPU
		{EB9354A9-ECBE-4AF1-B5E6-1AAE1B1FF484}.Release|Any CPU.ActiveCfg = Release|Any CPU
		{EB9354A9-ECBE-4AF1-B5E6-1AAE1B1FF484}.Release|Any CPU.Build.0 = Release|Any CPU
		{4C5FA562-39AA-4244-854D-0ADEF00033B3}.Debug|Any CPU.ActiveCfg = Debug|Any CPU
		{4C5FA562-39AA-4244-854D-0ADEF00033B3}.Debug|Any CPU.Build.0 = Debug|Any CPU
		{4C5FA562-39AA-4244-854D-0ADEF00033B3}.Release|Any CPU.ActiveCfg = Release|Any CPU
		{4C5FA562-39AA-4244-854D-0ADEF00033B3}.Release|Any CPU.Build.0 = Release|Any CPU
	EndGlobalSection
	GlobalSection(SolutionProperties) = preSolution
		HideSolutionNode = FALSE
	EndGlobalSection
	GlobalSection(ExtensibilityGlobals) = postSolution
		SolutionGuid = {295D0E3A-BBF9-49A1-87DB-B2D2911DF3A3}
	EndGlobalSection
EndGlobal
